
Microsoft Visual Studio Solution File, Format Version 12.00
# Visual Studio Version 16
VisualStudioVersion = 16.0.29215.179
MinimumVisualStudioVersion = 10.0.40219.1
Project("{8BC9CEB8-8B4A-11D0-8D11-00A0C91BC942}") = "rnunitydemo", "rnunitydemo\rnunitydemo.vcxproj", "{E54FAA42-F2B8-4C97-B75F-96EFE548856C}"
	ProjectSection(ProjectDependencies) = postProject
		{EA17D85E-DA6F-49EA-A879-8F48265B121D} = {EA17D85E-DA6F-49EA-A879-8F48265B121D}
		{F7D32BD0-2749-483E-9A0D-1635EF7E3136} = {F7D32BD0-2749-483E-9A0D-1635EF7E3136}
	EndProjectSection
EndProject
Project("{8BC9CEB8-8B4A-11D0-8D11-00A0C91BC942}") = "Folly", "..\node_modules\react-native-windows\Folly\Folly.vcxproj", "{A990658C-CE31-4BCC-976F-0FC6B1AF693D}"
EndProject
Project("{8BC9CEB8-8B4A-11D0-8D11-00A0C91BC942}") = "ReactCommon", "..\node_modules\react-native-windows\ReactCommon\ReactCommon.vcxproj", "{A9D95A91-4DB7-4F72-BEB6-FE8A5C89BFBD}"
	ProjectSection(ProjectDependencies) = postProject
		{A990658C-CE31-4BCC-976F-0FC6B1AF693D} = {A990658C-CE31-4BCC-976F-0FC6B1AF693D}
	EndProjectSection
EndProject
Project("{8BC9CEB8-8B4A-11D0-8D11-00A0C91BC942}") = "Chakra", "..\node_modules\react-native-windows\Chakra\Chakra.vcxitems", "{C38970C0-5FBF-4D69-90D8-CBAC225AE895}"
EndProject
Project("{8BC9CEB8-8B4A-11D0-8D11-00A0C91BC942}") = "Microsoft.ReactNative", "..\node_modules\react-native-windows\Microsoft.ReactNative\Microsoft.ReactNative.vcxproj", "{F7D32BD0-2749-483E-9A0D-1635EF7E3136}"
EndProject
Project("{8BC9CEB8-8B4A-11D0-8D11-00A0C91BC942}") = "JSI.Shared", "..\node_modules\react-native-windows\JSI\Shared\JSI.Shared.vcxitems", "{0CC28589-39E4-4288-B162-97B959F8B843}"
EndProject
Project("{8BC9CEB8-8B4A-11D0-8D11-00A0C91BC942}") = "JSI.Universal", "..\node_modules\react-native-windows\JSI\Universal\JSI.Universal.vcxproj", "{A62D504A-16B8-41D2-9F19-E2E86019E5E4}"
EndProject
Project("{8BC9CEB8-8B4A-11D0-8D11-00A0C91BC942}") = "Microsoft.ReactNative.Cxx", "..\node_modules\react-native-windows\Microsoft.ReactNative.Cxx\Microsoft.ReactNative.Cxx.vcxitems", "{DA8B35B3-DA00-4B02-BDE6-6A397B3FD46B}"
EndProject
Project("{8BC9CEB8-8B4A-11D0-8D11-00A0C91BC942}") = "Common", "..\node_modules\react-native-windows\Common\Common.vcxproj", "{FCA38F3C-7C73-4C47-BE4E-32F77FA8538D}"
EndProject
Project("{2150E333-8FDC-42A3-9474-1A3956D46DE8}") = "ReactNative", "ReactNative", "{5EA20F54-880A-49F3-99FA-4B3FE54E8AB1}"
EndProject
Project("{8BC9CEB8-8B4A-11D0-8D11-00A0C91BC942}") = "Microsoft.ReactNative.Shared", "..\node_modules\react-native-windows\Shared\Shared.vcxitems", "{2049DBE9-8D13-42C9-AE4B-413AE38FFFD0}"
EndProject
Project("{8BC9CEB8-8B4A-11D0-8D11-00A0C91BC942}") = "Mso", "..\node_modules\react-native-windows\Mso\Mso.vcxitems", "{84E05BFA-CBAF-4F0D-BFB6-4CE85742A57E}"
EndProject
Project("{8BC9CEB8-8B4A-11D0-8D11-00A0C91BC942}") = "Include", "..\node_modules\react-native-windows\include\Include.vcxitems", "{EF074BA1-2D54-4D49-A28E-5E040B47CD2E}"
EndProject
Project("{8BC9CEB8-8B4A-11D0-8D11-00A0C91BC942}") = "Il2CppOutputProject", "Il2CppOutputProject\Il2CppOutputProject.vcxproj", "{EA17D85E-DA6F-49EA-A879-8F48265B121D}"
EndProject
Project("{8BC9CEB8-8B4A-11D0-8D11-00A0C91BC942}") = "Unity Data", "rnunitydemo\Unity Data.vcxitems", "{C102B663-472B-4E4D-B82E-F8B2FAD767AA}"
EndProject
Project("{8BC9CEB8-8B4A-11D0-8D11-00A0C91BC942}") = "ReactNativeUnityView", "..\node_modules\react-native-unity-view\windows\ReactNativeUnityView\ReactNativeUnityView.vcxproj", "{284621AC-651F-46B6-B8D2-FC72EEFDBF43}"
EndProject
Global
	GlobalSection(SharedMSBuildProjectFiles) = preSolution
		..\node_modules\react-native-windows\JSI\Shared\JSI.Shared.vcxitems*{0cc28589-39e4-4288-b162-97b959f8b843}*SharedItemsImports = 9
		..\node_modules\react-native-windows\Shared\Shared.vcxitems*{2049dbe9-8d13-42c9-ae4b-413ae38fffd0}*SharedItemsImports = 9
		..\node_modules\react-native-windows\Mso\Mso.vcxitems*{84e05bfa-cbaf-4f0d-bfb6-4ce85742a57e}*SharedItemsImports = 9
		..\node_modules\react-native-windows\JSI\Shared\JSI.Shared.vcxitems*{a62d504a-16b8-41d2-9f19-e2e86019e5e4}*SharedItemsImports = 4
		rnunitydemo\Unity Data.vcxitems*{c102b663-472b-4e4d-b82e-f8b2fad767aa}*SharedItemsImports = 9
		..\node_modules\react-native-windows\Chakra\Chakra.vcxitems*{c38970c0-5fbf-4d69-90d8-cbac225ae895}*SharedItemsImports = 9
		..\node_modules\react-native-windows\Microsoft.ReactNative.Cxx\Microsoft.ReactNative.Cxx.vcxitems*{da8b35b3-da00-4b02-bde6-6a397b3fd46b}*SharedItemsImports = 9
		..\node_modules\react-native-windows\include\Include.vcxitems*{ef074ba1-2d54-4d49-a28e-5e040b47cd2e}*SharedItemsImports = 9
		..\node_modules\react-native-windows\Chakra\Chakra.vcxitems*{f7d32bd0-2749-483e-9a0d-1635ef7e3136}*SharedItemsImports = 4
		..\node_modules\react-native-windows\Microsoft.ReactNative.Cxx\Microsoft.ReactNative.Cxx.vcxitems*{f7d32bd0-2749-483e-9a0d-1635ef7e3136}*SharedItemsImports = 4
		..\node_modules\react-native-windows\Mso\Mso.vcxitems*{f7d32bd0-2749-483e-9a0d-1635ef7e3136}*SharedItemsImports = 4
		..\node_modules\react-native-windows\Shared\Shared.vcxitems*{f7d32bd0-2749-483e-9a0d-1635ef7e3136}*SharedItemsImports = 4
	EndGlobalSection
	GlobalSection(SolutionConfigurationPlatforms) = preSolution
		Debug|ARM = Debug|ARM
		Debug|ARM64 = Debug|ARM64
		Debug|x64 = Debug|x64
		Debug|x86 = Debug|x86
		Master|ARM = Master|ARM
		Master|ARM64 = Master|ARM64
		Master|x64 = Master|x64
		Master|x86 = Master|x86
		MasterWithLTCG|ARM = MasterWithLTCG|ARM
		MasterWithLTCG|ARM64 = MasterWithLTCG|ARM64
		MasterWithLTCG|x64 = MasterWithLTCG|x64
		MasterWithLTCG|x86 = MasterWithLTCG|x86
		Release|ARM = Release|ARM
		Release|ARM64 = Release|ARM64
		Release|x64 = Release|x64
		Release|x86 = Release|x86
	EndGlobalSection
	GlobalSection(ProjectConfigurationPlatforms) = postSolution
		{E54FAA42-F2B8-4C97-B75F-96EFE548856C}.Debug|ARM.ActiveCfg = Debug|ARM
		{E54FAA42-F2B8-4C97-B75F-96EFE548856C}.Debug|ARM.Build.0 = Debug|ARM
		{E54FAA42-F2B8-4C97-B75F-96EFE548856C}.Debug|ARM.Deploy.0 = Debug|ARM
		{E54FAA42-F2B8-4C97-B75F-96EFE548856C}.Debug|ARM64.ActiveCfg = Debug|ARM64
		{E54FAA42-F2B8-4C97-B75F-96EFE548856C}.Debug|ARM64.Build.0 = Debug|ARM64
		{E54FAA42-F2B8-4C97-B75F-96EFE548856C}.Debug|ARM64.Deploy.0 = Debug|ARM64
		{E54FAA42-F2B8-4C97-B75F-96EFE548856C}.Debug|x64.ActiveCfg = Debug|x64
		{E54FAA42-F2B8-4C97-B75F-96EFE548856C}.Debug|x64.Build.0 = Debug|x64
		{E54FAA42-F2B8-4C97-B75F-96EFE548856C}.Debug|x64.Deploy.0 = Debug|x64
		{E54FAA42-F2B8-4C97-B75F-96EFE548856C}.Debug|x86.ActiveCfg = Debug|Win32
		{E54FAA42-F2B8-4C97-B75F-96EFE548856C}.Debug|x86.Build.0 = Debug|Win32
		{E54FAA42-F2B8-4C97-B75F-96EFE548856C}.Debug|x86.Deploy.0 = Debug|Win32
		{E54FAA42-F2B8-4C97-B75F-96EFE548856C}.Master|ARM.ActiveCfg = Release|ARM
		{E54FAA42-F2B8-4C97-B75F-96EFE548856C}.Master|ARM.Build.0 = Release|ARM
		{E54FAA42-F2B8-4C97-B75F-96EFE548856C}.Master|ARM.Deploy.0 = Release|ARM
		{E54FAA42-F2B8-4C97-B75F-96EFE548856C}.Master|ARM64.ActiveCfg = Release|ARM64
		{E54FAA42-F2B8-4C97-B75F-96EFE548856C}.Master|ARM64.Build.0 = Release|ARM64
		{E54FAA42-F2B8-4C97-B75F-96EFE548856C}.Master|ARM64.Deploy.0 = Release|ARM64
		{E54FAA42-F2B8-4C97-B75F-96EFE548856C}.Master|x64.ActiveCfg = Release|x64
		{E54FAA42-F2B8-4C97-B75F-96EFE548856C}.Master|x64.Build.0 = Release|x64
		{E54FAA42-F2B8-4C97-B75F-96EFE548856C}.Master|x64.Deploy.0 = Release|x64
		{E54FAA42-F2B8-4C97-B75F-96EFE548856C}.Master|x86.ActiveCfg = Release|Win32
		{E54FAA42-F2B8-4C97-B75F-96EFE548856C}.Master|x86.Build.0 = Release|Win32
		{E54FAA42-F2B8-4C97-B75F-96EFE548856C}.Master|x86.Deploy.0 = Release|Win32
		{E54FAA42-F2B8-4C97-B75F-96EFE548856C}.MasterWithLTCG|ARM.ActiveCfg = Release|ARM
		{E54FAA42-F2B8-4C97-B75F-96EFE548856C}.MasterWithLTCG|ARM.Build.0 = Release|ARM
		{E54FAA42-F2B8-4C97-B75F-96EFE548856C}.MasterWithLTCG|ARM.Deploy.0 = Release|ARM
		{E54FAA42-F2B8-4C97-B75F-96EFE548856C}.MasterWithLTCG|ARM64.ActiveCfg = Release|ARM64
		{E54FAA42-F2B8-4C97-B75F-96EFE548856C}.MasterWithLTCG|ARM64.Build.0 = Release|ARM64
		{E54FAA42-F2B8-4C97-B75F-96EFE548856C}.MasterWithLTCG|ARM64.Deploy.0 = Release|ARM64
		{E54FAA42-F2B8-4C97-B75F-96EFE548856C}.MasterWithLTCG|x64.ActiveCfg = Release|x64
		{E54FAA42-F2B8-4C97-B75F-96EFE548856C}.MasterWithLTCG|x64.Build.0 = Release|x64
		{E54FAA42-F2B8-4C97-B75F-96EFE548856C}.MasterWithLTCG|x64.Deploy.0 = Release|x64
		{E54FAA42-F2B8-4C97-B75F-96EFE548856C}.MasterWithLTCG|x86.ActiveCfg = Release|Win32
		{E54FAA42-F2B8-4C97-B75F-96EFE548856C}.MasterWithLTCG|x86.Build.0 = Release|Win32
		{E54FAA42-F2B8-4C97-B75F-96EFE548856C}.MasterWithLTCG|x86.Deploy.0 = Release|Win32
		{E54FAA42-F2B8-4C97-B75F-96EFE548856C}.Release|ARM.ActiveCfg = Release|ARM
		{E54FAA42-F2B8-4C97-B75F-96EFE548856C}.Release|ARM.Build.0 = Release|ARM
		{E54FAA42-F2B8-4C97-B75F-96EFE548856C}.Release|ARM.Deploy.0 = Release|ARM
		{E54FAA42-F2B8-4C97-B75F-96EFE548856C}.Release|ARM64.ActiveCfg = Release|ARM64
		{E54FAA42-F2B8-4C97-B75F-96EFE548856C}.Release|ARM64.Build.0 = Release|ARM64
		{E54FAA42-F2B8-4C97-B75F-96EFE548856C}.Release|ARM64.Deploy.0 = Release|ARM64
		{E54FAA42-F2B8-4C97-B75F-96EFE548856C}.Release|x64.ActiveCfg = Release|x64
		{E54FAA42-F2B8-4C97-B75F-96EFE548856C}.Release|x64.Build.0 = Release|x64
		{E54FAA42-F2B8-4C97-B75F-96EFE548856C}.Release|x64.Deploy.0 = Release|x64
		{E54FAA42-F2B8-4C97-B75F-96EFE548856C}.Release|x86.ActiveCfg = Release|Win32
		{E54FAA42-F2B8-4C97-B75F-96EFE548856C}.Release|x86.Build.0 = Release|Win32
		{E54FAA42-F2B8-4C97-B75F-96EFE548856C}.Release|x86.Deploy.0 = Release|Win32
		{A990658C-CE31-4BCC-976F-0FC6B1AF693D}.Debug|ARM.ActiveCfg = Debug|ARM
		{A990658C-CE31-4BCC-976F-0FC6B1AF693D}.Debug|ARM.Build.0 = Debug|ARM
		{A990658C-CE31-4BCC-976F-0FC6B1AF693D}.Debug|ARM64.ActiveCfg = Debug|ARM64
		{A990658C-CE31-4BCC-976F-0FC6B1AF693D}.Debug|ARM64.Build.0 = Debug|ARM64
		{A990658C-CE31-4BCC-976F-0FC6B1AF693D}.Debug|x64.ActiveCfg = Debug|x64
		{A990658C-CE31-4BCC-976F-0FC6B1AF693D}.Debug|x64.Build.0 = Debug|x64
		{A990658C-CE31-4BCC-976F-0FC6B1AF693D}.Debug|x86.ActiveCfg = Debug|Win32
		{A990658C-CE31-4BCC-976F-0FC6B1AF693D}.Debug|x86.Build.0 = Debug|Win32
		{A990658C-CE31-4BCC-976F-0FC6B1AF693D}.Master|ARM.ActiveCfg = Release|ARM
		{A990658C-CE31-4BCC-976F-0FC6B1AF693D}.Master|ARM.Build.0 = Release|ARM
		{A990658C-CE31-4BCC-976F-0FC6B1AF693D}.Master|ARM64.ActiveCfg = Release|ARM64
		{A990658C-CE31-4BCC-976F-0FC6B1AF693D}.Master|ARM64.Build.0 = Release|ARM64
		{A990658C-CE31-4BCC-976F-0FC6B1AF693D}.Master|x64.ActiveCfg = Release|x64
		{A990658C-CE31-4BCC-976F-0FC6B1AF693D}.Master|x64.Build.0 = Release|x64
		{A990658C-CE31-4BCC-976F-0FC6B1AF693D}.Master|x86.ActiveCfg = Release|Win32
		{A990658C-CE31-4BCC-976F-0FC6B1AF693D}.Master|x86.Build.0 = Release|Win32
		{A990658C-CE31-4BCC-976F-0FC6B1AF693D}.MasterWithLTCG|ARM.ActiveCfg = Release|ARM
		{A990658C-CE31-4BCC-976F-0FC6B1AF693D}.MasterWithLTCG|ARM.Build.0 = Release|ARM
		{A990658C-CE31-4BCC-976F-0FC6B1AF693D}.MasterWithLTCG|ARM64.ActiveCfg = Release|ARM64
		{A990658C-CE31-4BCC-976F-0FC6B1AF693D}.MasterWithLTCG|ARM64.Build.0 = Release|ARM64
		{A990658C-CE31-4BCC-976F-0FC6B1AF693D}.MasterWithLTCG|x64.ActiveCfg = Release|x64
		{A990658C-CE31-4BCC-976F-0FC6B1AF693D}.MasterWithLTCG|x64.Build.0 = Release|x64
		{A990658C-CE31-4BCC-976F-0FC6B1AF693D}.MasterWithLTCG|x86.ActiveCfg = Release|Win32
		{A990658C-CE31-4BCC-976F-0FC6B1AF693D}.MasterWithLTCG|x86.Build.0 = Release|Win32
		{A990658C-CE31-4BCC-976F-0FC6B1AF693D}.Release|ARM.ActiveCfg = Release|ARM
		{A990658C-CE31-4BCC-976F-0FC6B1AF693D}.Release|ARM.Build.0 = Release|ARM
		{A990658C-CE31-4BCC-976F-0FC6B1AF693D}.Release|ARM64.ActiveCfg = Release|ARM64
		{A990658C-CE31-4BCC-976F-0FC6B1AF693D}.Release|ARM64.Build.0 = Release|ARM64
		{A990658C-CE31-4BCC-976F-0FC6B1AF693D}.Release|x64.ActiveCfg = Release|x64
		{A990658C-CE31-4BCC-976F-0FC6B1AF693D}.Release|x64.Build.0 = Release|x64
		{A990658C-CE31-4BCC-976F-0FC6B1AF693D}.Release|x86.ActiveCfg = Release|Win32
		{A990658C-CE31-4BCC-976F-0FC6B1AF693D}.Release|x86.Build.0 = Release|Win32
		{A9D95A91-4DB7-4F72-BEB6-FE8A5C89BFBD}.Debug|ARM.ActiveCfg = Debug|ARM
		{A9D95A91-4DB7-4F72-BEB6-FE8A5C89BFBD}.Debug|ARM.Build.0 = Debug|ARM
		{A9D95A91-4DB7-4F72-BEB6-FE8A5C89BFBD}.Debug|ARM64.ActiveCfg = Debug|ARM64
		{A9D95A91-4DB7-4F72-BEB6-FE8A5C89BFBD}.Debug|ARM64.Build.0 = Debug|ARM64
		{A9D95A91-4DB7-4F72-BEB6-FE8A5C89BFBD}.Debug|x64.ActiveCfg = Debug|x64
		{A9D95A91-4DB7-4F72-BEB6-FE8A5C89BFBD}.Debug|x64.Build.0 = Debug|x64
		{A9D95A91-4DB7-4F72-BEB6-FE8A5C89BFBD}.Debug|x86.ActiveCfg = Debug|Win32
		{A9D95A91-4DB7-4F72-BEB6-FE8A5C89BFBD}.Debug|x86.Build.0 = Debug|Win32
		{A9D95A91-4DB7-4F72-BEB6-FE8A5C89BFBD}.Master|ARM.ActiveCfg = Release|ARM
		{A9D95A91-4DB7-4F72-BEB6-FE8A5C89BFBD}.Master|ARM.Build.0 = Release|ARM
		{A9D95A91-4DB7-4F72-BEB6-FE8A5C89BFBD}.Master|ARM64.ActiveCfg = Release|ARM64
		{A9D95A91-4DB7-4F72-BEB6-FE8A5C89BFBD}.Master|ARM64.Build.0 = Release|ARM64
		{A9D95A91-4DB7-4F72-BEB6-FE8A5C89BFBD}.Master|x64.ActiveCfg = Release|x64
		{A9D95A91-4DB7-4F72-BEB6-FE8A5C89BFBD}.Master|x64.Build.0 = Release|x64
		{A9D95A91-4DB7-4F72-BEB6-FE8A5C89BFBD}.Master|x86.ActiveCfg = Release|Win32
		{A9D95A91-4DB7-4F72-BEB6-FE8A5C89BFBD}.Master|x86.Build.0 = Release|Win32
		{A9D95A91-4DB7-4F72-BEB6-FE8A5C89BFBD}.MasterWithLTCG|ARM.ActiveCfg = Release|ARM
		{A9D95A91-4DB7-4F72-BEB6-FE8A5C89BFBD}.MasterWithLTCG|ARM.Build.0 = Release|ARM
		{A9D95A91-4DB7-4F72-BEB6-FE8A5C89BFBD}.MasterWithLTCG|ARM64.ActiveCfg = Release|ARM64
		{A9D95A91-4DB7-4F72-BEB6-FE8A5C89BFBD}.MasterWithLTCG|ARM64.Build.0 = Release|ARM64
		{A9D95A91-4DB7-4F72-BEB6-FE8A5C89BFBD}.MasterWithLTCG|x64.ActiveCfg = Release|x64
		{A9D95A91-4DB7-4F72-BEB6-FE8A5C89BFBD}.MasterWithLTCG|x64.Build.0 = Release|x64
		{A9D95A91-4DB7-4F72-BEB6-FE8A5C89BFBD}.MasterWithLTCG|x86.ActiveCfg = Release|Win32
		{A9D95A91-4DB7-4F72-BEB6-FE8A5C89BFBD}.MasterWithLTCG|x86.Build.0 = Release|Win32
		{A9D95A91-4DB7-4F72-BEB6-FE8A5C89BFBD}.Release|ARM.ActiveCfg = Release|ARM
		{A9D95A91-4DB7-4F72-BEB6-FE8A5C89BFBD}.Release|ARM.Build.0 = Release|ARM
		{A9D95A91-4DB7-4F72-BEB6-FE8A5C89BFBD}.Release|ARM64.ActiveCfg = Release|ARM64
		{A9D95A91-4DB7-4F72-BEB6-FE8A5C89BFBD}.Release|ARM64.Build.0 = Release|ARM64
		{A9D95A91-4DB7-4F72-BEB6-FE8A5C89BFBD}.Release|x64.ActiveCfg = Release|x64
		{A9D95A91-4DB7-4F72-BEB6-FE8A5C89BFBD}.Release|x64.Build.0 = Release|x64
		{A9D95A91-4DB7-4F72-BEB6-FE8A5C89BFBD}.Release|x86.ActiveCfg = Release|Win32
		{A9D95A91-4DB7-4F72-BEB6-FE8A5C89BFBD}.Release|x86.Build.0 = Release|Win32
		{F7D32BD0-2749-483E-9A0D-1635EF7E3136}.Debug|ARM.ActiveCfg = Debug|ARM
		{F7D32BD0-2749-483E-9A0D-1635EF7E3136}.Debug|ARM.Build.0 = Debug|ARM
		{F7D32BD0-2749-483E-9A0D-1635EF7E3136}.Debug|ARM64.ActiveCfg = Debug|ARM64
		{F7D32BD0-2749-483E-9A0D-1635EF7E3136}.Debug|ARM64.Build.0 = Debug|ARM64
		{F7D32BD0-2749-483E-9A0D-1635EF7E3136}.Debug|x64.ActiveCfg = Debug|x64
		{F7D32BD0-2749-483E-9A0D-1635EF7E3136}.Debug|x64.Build.0 = Debug|x64
		{F7D32BD0-2749-483E-9A0D-1635EF7E3136}.Debug|x86.ActiveCfg = Debug|Win32
		{F7D32BD0-2749-483E-9A0D-1635EF7E3136}.Debug|x86.Build.0 = Debug|Win32
		{F7D32BD0-2749-483E-9A0D-1635EF7E3136}.Master|ARM.ActiveCfg = Release|ARM
		{F7D32BD0-2749-483E-9A0D-1635EF7E3136}.Master|ARM.Build.0 = Release|ARM
		{F7D32BD0-2749-483E-9A0D-1635EF7E3136}.Master|ARM64.ActiveCfg = Release|ARM64
		{F7D32BD0-2749-483E-9A0D-1635EF7E3136}.Master|ARM64.Build.0 = Release|ARM64
		{F7D32BD0-2749-483E-9A0D-1635EF7E3136}.Master|x64.ActiveCfg = Release|x64
		{F7D32BD0-2749-483E-9A0D-1635EF7E3136}.Master|x64.Build.0 = Release|x64
		{F7D32BD0-2749-483E-9A0D-1635EF7E3136}.Master|x86.ActiveCfg = Release|Win32
		{F7D32BD0-2749-483E-9A0D-1635EF7E3136}.Master|x86.Build.0 = Release|Win32
		{F7D32BD0-2749-483E-9A0D-1635EF7E3136}.MasterWithLTCG|ARM.ActiveCfg = Release|ARM
		{F7D32BD0-2749-483E-9A0D-1635EF7E3136}.MasterWithLTCG|ARM.Build.0 = Release|ARM
		{F7D32BD0-2749-483E-9A0D-1635EF7E3136}.MasterWithLTCG|ARM64.ActiveCfg = Release|ARM64
		{F7D32BD0-2749-483E-9A0D-1635EF7E3136}.MasterWithLTCG|ARM64.Build.0 = Release|ARM64
		{F7D32BD0-2749-483E-9A0D-1635EF7E3136}.MasterWithLTCG|x64.ActiveCfg = Release|x64
		{F7D32BD0-2749-483E-9A0D-1635EF7E3136}.MasterWithLTCG|x64.Build.0 = Release|x64
		{F7D32BD0-2749-483E-9A0D-1635EF7E3136}.MasterWithLTCG|x86.ActiveCfg = Release|Win32
		{F7D32BD0-2749-483E-9A0D-1635EF7E3136}.MasterWithLTCG|x86.Build.0 = Release|Win32
		{F7D32BD0-2749-483E-9A0D-1635EF7E3136}.Release|ARM.ActiveCfg = Release|ARM
		{F7D32BD0-2749-483E-9A0D-1635EF7E3136}.Release|ARM.Build.0 = Release|ARM
		{F7D32BD0-2749-483E-9A0D-1635EF7E3136}.Release|ARM64.ActiveCfg = Release|ARM64
		{F7D32BD0-2749-483E-9A0D-1635EF7E3136}.Release|ARM64.Build.0 = Release|ARM64
		{F7D32BD0-2749-483E-9A0D-1635EF7E3136}.Release|x64.ActiveCfg = Release|x64
		{F7D32BD0-2749-483E-9A0D-1635EF7E3136}.Release|x64.Build.0 = Release|x64
		{F7D32BD0-2749-483E-9A0D-1635EF7E3136}.Release|x86.ActiveCfg = Release|Win32
		{F7D32BD0-2749-483E-9A0D-1635EF7E3136}.Release|x86.Build.0 = Release|Win32
		{A62D504A-16B8-41D2-9F19-E2E86019E5E4}.Debug|ARM.ActiveCfg = Debug|ARM
		{A62D504A-16B8-41D2-9F19-E2E86019E5E4}.Debug|ARM.Build.0 = Debug|ARM
		{A62D504A-16B8-41D2-9F19-E2E86019E5E4}.Debug|ARM64.ActiveCfg = Debug|ARM64
		{A62D504A-16B8-41D2-9F19-E2E86019E5E4}.Debug|ARM64.Build.0 = Debug|ARM64
		{A62D504A-16B8-41D2-9F19-E2E86019E5E4}.Debug|x64.ActiveCfg = Debug|x64
		{A62D504A-16B8-41D2-9F19-E2E86019E5E4}.Debug|x64.Build.0 = Debug|x64
		{A62D504A-16B8-41D2-9F19-E2E86019E5E4}.Debug|x86.ActiveCfg = Debug|Win32
		{A62D504A-16B8-41D2-9F19-E2E86019E5E4}.Debug|x86.Build.0 = Debug|Win32
		{A62D504A-16B8-41D2-9F19-E2E86019E5E4}.Master|ARM.ActiveCfg = Release|ARM
		{A62D504A-16B8-41D2-9F19-E2E86019E5E4}.Master|ARM.Build.0 = Release|ARM
		{A62D504A-16B8-41D2-9F19-E2E86019E5E4}.Master|ARM64.ActiveCfg = Release|ARM64
		{A62D504A-16B8-41D2-9F19-E2E86019E5E4}.Master|ARM64.Build.0 = Release|ARM64
		{A62D504A-16B8-41D2-9F19-E2E86019E5E4}.Master|x64.ActiveCfg = Release|x64
		{A62D504A-16B8-41D2-9F19-E2E86019E5E4}.Master|x64.Build.0 = Release|x64
		{A62D504A-16B8-41D2-9F19-E2E86019E5E4}.Master|x86.ActiveCfg = Release|Win32
		{A62D504A-16B8-41D2-9F19-E2E86019E5E4}.Master|x86.Build.0 = Release|Win32
		{A62D504A-16B8-41D2-9F19-E2E86019E5E4}.MasterWithLTCG|ARM.ActiveCfg = Release|ARM
		{A62D504A-16B8-41D2-9F19-E2E86019E5E4}.MasterWithLTCG|ARM.Build.0 = Release|ARM
		{A62D504A-16B8-41D2-9F19-E2E86019E5E4}.MasterWithLTCG|ARM64.ActiveCfg = Release|ARM64
		{A62D504A-16B8-41D2-9F19-E2E86019E5E4}.MasterWithLTCG|ARM64.Build.0 = Release|ARM64
		{A62D504A-16B8-41D2-9F19-E2E86019E5E4}.MasterWithLTCG|x64.ActiveCfg = Release|x64
		{A62D504A-16B8-41D2-9F19-E2E86019E5E4}.MasterWithLTCG|x64.Build.0 = Release|x64
		{A62D504A-16B8-41D2-9F19-E2E86019E5E4}.MasterWithLTCG|x86.ActiveCfg = Release|Win32
		{A62D504A-16B8-41D2-9F19-E2E86019E5E4}.MasterWithLTCG|x86.Build.0 = Release|Win32
		{A62D504A-16B8-41D2-9F19-E2E86019E5E4}.Release|ARM.ActiveCfg = Release|ARM
		{A62D504A-16B8-41D2-9F19-E2E86019E5E4}.Release|ARM.Build.0 = Release|ARM
		{A62D504A-16B8-41D2-9F19-E2E86019E5E4}.Release|ARM64.ActiveCfg = Release|ARM64
		{A62D504A-16B8-41D2-9F19-E2E86019E5E4}.Release|ARM64.Build.0 = Release|ARM64
		{A62D504A-16B8-41D2-9F19-E2E86019E5E4}.Release|x64.ActiveCfg = Release|x64
		{A62D504A-16B8-41D2-9F19-E2E86019E5E4}.Release|x64.Build.0 = Release|x64
		{A62D504A-16B8-41D2-9F19-E2E86019E5E4}.Release|x86.ActiveCfg = Release|Win32
		{A62D504A-16B8-41D2-9F19-E2E86019E5E4}.Release|x86.Build.0 = Release|Win32
		{FCA38F3C-7C73-4C47-BE4E-32F77FA8538D}.Debug|ARM.ActiveCfg = Debug|ARM
		{FCA38F3C-7C73-4C47-BE4E-32F77FA8538D}.Debug|ARM.Build.0 = Debug|ARM
		{FCA38F3C-7C73-4C47-BE4E-32F77FA8538D}.Debug|ARM64.ActiveCfg = Debug|ARM64
		{FCA38F3C-7C73-4C47-BE4E-32F77FA8538D}.Debug|ARM64.Build.0 = Debug|ARM64
		{FCA38F3C-7C73-4C47-BE4E-32F77FA8538D}.Debug|x64.ActiveCfg = Debug|x64
		{FCA38F3C-7C73-4C47-BE4E-32F77FA8538D}.Debug|x64.Build.0 = Debug|x64
		{FCA38F3C-7C73-4C47-BE4E-32F77FA8538D}.Debug|x86.ActiveCfg = Debug|Win32
		{FCA38F3C-7C73-4C47-BE4E-32F77FA8538D}.Debug|x86.Build.0 = Debug|Win32
		{FCA38F3C-7C73-4C47-BE4E-32F77FA8538D}.Master|ARM.ActiveCfg = Release|ARM
		{FCA38F3C-7C73-4C47-BE4E-32F77FA8538D}.Master|ARM.Build.0 = Release|ARM
		{FCA38F3C-7C73-4C47-BE4E-32F77FA8538D}.Master|ARM64.ActiveCfg = Release|ARM64
		{FCA38F3C-7C73-4C47-BE4E-32F77FA8538D}.Master|ARM64.Build.0 = Release|ARM64
		{FCA38F3C-7C73-4C47-BE4E-32F77FA8538D}.Master|x64.ActiveCfg = Release|x64
		{FCA38F3C-7C73-4C47-BE4E-32F77FA8538D}.Master|x64.Build.0 = Release|x64
		{FCA38F3C-7C73-4C47-BE4E-32F77FA8538D}.Master|x86.ActiveCfg = Release|Win32
		{FCA38F3C-7C73-4C47-BE4E-32F77FA8538D}.Master|x86.Build.0 = Release|Win32
		{FCA38F3C-7C73-4C47-BE4E-32F77FA8538D}.MasterWithLTCG|ARM.ActiveCfg = Release|ARM
		{FCA38F3C-7C73-4C47-BE4E-32F77FA8538D}.MasterWithLTCG|ARM.Build.0 = Release|ARM
		{FCA38F3C-7C73-4C47-BE4E-32F77FA8538D}.MasterWithLTCG|ARM64.ActiveCfg = Release|ARM64
		{FCA38F3C-7C73-4C47-BE4E-32F77FA8538D}.MasterWithLTCG|ARM64.Build.0 = Release|ARM64
		{FCA38F3C-7C73-4C47-BE4E-32F77FA8538D}.MasterWithLTCG|x64.ActiveCfg = Release|x64
		{FCA38F3C-7C73-4C47-BE4E-32F77FA8538D}.MasterWithLTCG|x64.Build.0 = Release|x64
		{FCA38F3C-7C73-4C47-BE4E-32F77FA8538D}.MasterWithLTCG|x86.ActiveCfg = Release|Win32
		{FCA38F3C-7C73-4C47-BE4E-32F77FA8538D}.MasterWithLTCG|x86.Build.0 = Release|Win32
		{FCA38F3C-7C73-4C47-BE4E-32F77FA8538D}.Release|ARM.ActiveCfg = Release|ARM
		{FCA38F3C-7C73-4C47-BE4E-32F77FA8538D}.Release|ARM.Build.0 = Release|ARM
		{FCA38F3C-7C73-4C47-BE4E-32F77FA8538D}.Release|ARM64.ActiveCfg = Release|ARM64
		{FCA38F3C-7C73-4C47-BE4E-32F77FA8538D}.Release|ARM64.Build.0 = Release|ARM64
		{FCA38F3C-7C73-4C47-BE4E-32F77FA8538D}.Release|x64.ActiveCfg = Release|x64
		{FCA38F3C-7C73-4C47-BE4E-32F77FA8538D}.Release|x64.Build.0 = Release|x64
		{FCA38F3C-7C73-4C47-BE4E-32F77FA8538D}.Release|x86.ActiveCfg = Release|Win32
		{FCA38F3C-7C73-4C47-BE4E-32F77FA8538D}.Release|x86.Build.0 = Release|Win32
		{EA17D85E-DA6F-49EA-A879-8F48265B121D}.Debug|ARM.ActiveCfg = Debug|ARM
		{EA17D85E-DA6F-49EA-A879-8F48265B121D}.Debug|ARM.Build.0 = Debug|ARM
		{EA17D85E-DA6F-49EA-A879-8F48265B121D}.Debug|ARM64.ActiveCfg = Debug|ARM64
		{EA17D85E-DA6F-49EA-A879-8F48265B121D}.Debug|ARM64.Build.0 = Debug|ARM64
		{EA17D85E-DA6F-49EA-A879-8F48265B121D}.Debug|x64.ActiveCfg = Debug|x64
		{EA17D85E-DA6F-49EA-A879-8F48265B121D}.Debug|x64.Build.0 = Debug|x64
		{EA17D85E-DA6F-49EA-A879-8F48265B121D}.Debug|x86.ActiveCfg = Debug|Win32
		{EA17D85E-DA6F-49EA-A879-8F48265B121D}.Debug|x86.Build.0 = Debug|Win32
		{EA17D85E-DA6F-49EA-A879-8F48265B121D}.Master|ARM.ActiveCfg = Master|ARM
		{EA17D85E-DA6F-49EA-A879-8F48265B121D}.Master|ARM.Build.0 = Master|ARM
		{EA17D85E-DA6F-49EA-A879-8F48265B121D}.Master|ARM64.ActiveCfg = Master|ARM64
		{EA17D85E-DA6F-49EA-A879-8F48265B121D}.Master|ARM64.Build.0 = Master|ARM64
		{EA17D85E-DA6F-49EA-A879-8F48265B121D}.Master|x64.ActiveCfg = Master|x64
		{EA17D85E-DA6F-49EA-A879-8F48265B121D}.Master|x64.Build.0 = Master|x64
		{EA17D85E-DA6F-49EA-A879-8F48265B121D}.Master|x86.ActiveCfg = Master|Win32
		{EA17D85E-DA6F-49EA-A879-8F48265B121D}.Master|x86.Build.0 = Master|Win32
		{EA17D85E-DA6F-49EA-A879-8F48265B121D}.MasterWithLTCG|ARM.ActiveCfg = MasterWithLTCG|ARM
		{EA17D85E-DA6F-49EA-A879-8F48265B121D}.MasterWithLTCG|ARM.Build.0 = MasterWithLTCG|ARM
		{EA17D85E-DA6F-49EA-A879-8F48265B121D}.MasterWithLTCG|ARM64.ActiveCfg = MasterWithLTCG|ARM64
		{EA17D85E-DA6F-49EA-A879-8F48265B121D}.MasterWithLTCG|ARM64.Build.0 = MasterWithLTCG|ARM64
		{EA17D85E-DA6F-49EA-A879-8F48265B121D}.MasterWithLTCG|x64.ActiveCfg = MasterWithLTCG|x64
		{EA17D85E-DA6F-49EA-A879-8F48265B121D}.MasterWithLTCG|x64.Build.0 = MasterWithLTCG|x64
		{EA17D85E-DA6F-49EA-A879-8F48265B121D}.MasterWithLTCG|x86.ActiveCfg = MasterWithLTCG|Win32
		{EA17D85E-DA6F-49EA-A879-8F48265B121D}.MasterWithLTCG|x86.Build.0 = MasterWithLTCG|Win32
		{EA17D85E-DA6F-49EA-A879-8F48265B121D}.Release|ARM.ActiveCfg = Release|ARM
		{EA17D85E-DA6F-49EA-A879-8F48265B121D}.Release|ARM.Build.0 = Release|ARM
		{EA17D85E-DA6F-49EA-A879-8F48265B121D}.Release|ARM64.ActiveCfg = Release|ARM64
		{EA17D85E-DA6F-49EA-A879-8F48265B121D}.Release|ARM64.Build.0 = Release|ARM64
		{EA17D85E-DA6F-49EA-A879-8F48265B121D}.Release|x64.ActiveCfg = Release|x64
		{EA17D85E-DA6F-49EA-A879-8F48265B121D}.Release|x64.Build.0 = Release|x64
		{EA17D85E-DA6F-49EA-A879-8F48265B121D}.Release|x86.ActiveCfg = Release|Win32
		{EA17D85E-DA6F-49EA-A879-8F48265B121D}.Release|x86.Build.0 = Release|Win32
		{284621AC-651F-46B6-B8D2-FC72EEFDBF43}.Debug|ARM.ActiveCfg = Debug|ARM
		{284621AC-651F-46B6-B8D2-FC72EEFDBF43}.Debug|ARM.Build.0 = Debug|ARM
		{284621AC-651F-46B6-B8D2-FC72EEFDBF43}.Debug|ARM64.ActiveCfg = Debug|ARM64
		{284621AC-651F-46B6-B8D2-FC72EEFDBF43}.Debug|ARM64.Build.0 = Debug|ARM64
		{284621AC-651F-46B6-B8D2-FC72EEFDBF43}.Debug|x64.ActiveCfg = Debug|x64
		{284621AC-651F-46B6-B8D2-FC72EEFDBF43}.Debug|x64.Build.0 = Debug|x64
		{284621AC-651F-46B6-B8D2-FC72EEFDBF43}.Debug|x86.ActiveCfg = Debug|Win32
		{284621AC-651F-46B6-B8D2-FC72EEFDBF43}.Debug|x86.Build.0 = Debug|Win32
		{284621AC-651F-46B6-B8D2-FC72EEFDBF43}.Master|ARM.ActiveCfg = Master|ARM
		{284621AC-651F-46B6-B8D2-FC72EEFDBF43}.Master|ARM.Build.0 = Master|ARM
		{284621AC-651F-46B6-B8D2-FC72EEFDBF43}.Master|ARM64.ActiveCfg = Master|ARM64
		{284621AC-651F-46B6-B8D2-FC72EEFDBF43}.Master|ARM64.Build.0 = Master|ARM64
		{284621AC-651F-46B6-B8D2-FC72EEFDBF43}.Master|x64.ActiveCfg = Master|x64
		{284621AC-651F-46B6-B8D2-FC72EEFDBF43}.Master|x64.Build.0 = Master|x64
		{284621AC-651F-46B6-B8D2-FC72EEFDBF43}.Master|x86.ActiveCfg = Master|Win32
		{284621AC-651F-46B6-B8D2-FC72EEFDBF43}.Master|x86.Build.0 = Master|Win32
		{284621AC-651F-46B6-B8D2-FC72EEFDBF43}.MasterWithLTCG|ARM.ActiveCfg = MasterWithLTCG|ARM
		{284621AC-651F-46B6-B8D2-FC72EEFDBF43}.MasterWithLTCG|ARM.Build.0 = MasterWithLTCG|ARM
		{284621AC-651F-46B6-B8D2-FC72EEFDBF43}.MasterWithLTCG|ARM64.ActiveCfg = MasterWithLTCG|ARM64
		{284621AC-651F-46B6-B8D2-FC72EEFDBF43}.MasterWithLTCG|ARM64.Build.0 = MasterWithLTCG|ARM64
		{284621AC-651F-46B6-B8D2-FC72EEFDBF43}.MasterWithLTCG|x64.ActiveCfg = MasterWithLTCG|x64
		{284621AC-651F-46B6-B8D2-FC72EEFDBF43}.MasterWithLTCG|x64.Build.0 = MasterWithLTCG|x64
		{284621AC-651F-46B6-B8D2-FC72EEFDBF43}.MasterWithLTCG|x86.ActiveCfg = MasterWithLTCG|Win32
		{284621AC-651F-46B6-B8D2-FC72EEFDBF43}.MasterWithLTCG|x86.Build.0 = MasterWithLTCG|Win32
		{284621AC-651F-46B6-B8D2-FC72EEFDBF43}.Release|ARM.ActiveCfg = Release|ARM
		{284621AC-651F-46B6-B8D2-FC72EEFDBF43}.Release|ARM.Build.0 = Release|ARM
		{284621AC-651F-46B6-B8D2-FC72EEFDBF43}.Release|ARM64.ActiveCfg = Release|ARM64
		{284621AC-651F-46B6-B8D2-FC72EEFDBF43}.Release|ARM64.Build.0 = Release|ARM64
		{284621AC-651F-46B6-B8D2-FC72EEFDBF43}.Release|x64.ActiveCfg = Release|x64
		{284621AC-651F-46B6-B8D2-FC72EEFDBF43}.Release|x64.Build.0 = Release|x64
		{284621AC-651F-46B6-B8D2-FC72EEFDBF43}.Release|x86.ActiveCfg = Release|Win32
		{284621AC-651F-46B6-B8D2-FC72EEFDBF43}.Release|x86.Build.0 = Release|Win32
	EndGlobalSection
	GlobalSection(SolutionProperties) = preSolution
		HideSolutionNode = FALSE
	EndGlobalSection
	GlobalSection(NestedProjects) = preSolution
		{A990658C-CE31-4BCC-976F-0FC6B1AF693D} = {5EA20F54-880A-49F3-99FA-4B3FE54E8AB1}
		{A9D95A91-4DB7-4F72-BEB6-FE8A5C89BFBD} = {5EA20F54-880A-49F3-99FA-4B3FE54E8AB1}
		{C38970C0-5FBF-4D69-90D8-CBAC225AE895} = {5EA20F54-880A-49F3-99FA-4B3FE54E8AB1}
		{F7D32BD0-2749-483E-9A0D-1635EF7E3136} = {5EA20F54-880A-49F3-99FA-4B3FE54E8AB1}
		{0CC28589-39E4-4288-B162-97B959F8B843} = {5EA20F54-880A-49F3-99FA-4B3FE54E8AB1}
		{A62D504A-16B8-41D2-9F19-E2E86019E5E4} = {5EA20F54-880A-49F3-99FA-4B3FE54E8AB1}
		{DA8B35B3-DA00-4B02-BDE6-6A397B3FD46B} = {5EA20F54-880A-49F3-99FA-4B3FE54E8AB1}
		{FCA38F3C-7C73-4C47-BE4E-32F77FA8538D} = {5EA20F54-880A-49F3-99FA-4B3FE54E8AB1}
		{2049DBE9-8D13-42C9-AE4B-413AE38FFFD0} = {5EA20F54-880A-49F3-99FA-4B3FE54E8AB1}
		{84E05BFA-CBAF-4F0D-BFB6-4CE85742A57E} = {5EA20F54-880A-49F3-99FA-4B3FE54E8AB1}
		{EF074BA1-2D54-4D49-A28E-5E040B47CD2E} = {5EA20F54-880A-49F3-99FA-4B3FE54E8AB1}
	EndGlobalSection
	GlobalSection(ExtensibilityGlobals) = postSolution
		SolutionGuid = {D43FAD39-F619-437D-BB40-04A3982ACB6A}
	EndGlobalSection
EndGlobal
